
Microsoft Visual Studio Solution File, Format Version 12.00
# Visual Studio Version 17
VisualStudioVersion = 17.13.35825.156 d17.13
MinimumVisualStudioVersion = 10.0.40219.1
Project("{FAE04EC0-301F-11D3-BF4B-00C04F79EFBC}") = "VirusTotalWinForms", "VirusTotalWinForms\VirusTotalWinForms.csproj", "{74F6060F-8FAF-4332-AE74-6673C3F764CB}"
EndProject
Global
	GlobalSection(SolutionConfigurationPlatforms) = preSolution
		Debug|Any CPU = Debug|Any CPU
		Release|Any CPU = Release|Any CPU
	EndGlobalSection
	GlobalSection(ProjectConfigurationPlatforms) = postSolution
		{74F6060F-8FAF-4332-AE74-6673C3F764CB}.Debug|Any CPU.ActiveCfg = Debug|Any CPU
		{74F6060F-8FAF-4332-AE74-6673C3F764CB}.Debug|Any CPU.Build.0 = Debug|Any CPU
		{74F6060F-8FAF-4332-AE74-6673C3F764CB}.Release|Any CPU.ActiveCfg = Release|Any CPU
		{74F6060F-8FAF-4332-AE74-6673C3F764CB}.Release|Any CPU.Build.0 = Release|Any CPU
	EndGlobalSection
	GlobalSection(SolutionProperties) = preSolution
		HideSolutionNode = FALSE
	EndGlobalSection
	GlobalSection(ExtensibilityGlobals) = postSolution
		SolutionGuid = {6C3E39B0-16BD-4D31-9031-211694E01FCC}
	EndGlobalSection
EndGlobal
